{
  "lockfileVersion": 1,
  "dependencies": {
    "@atomist/cortex": {
      "version": "1.0.0-m.4",
      "resolved": "https://registry.npmjs.org/@atomist/cortex/-/cortex-1.0.0-m.4.tgz",
      "integrity": "sha1-K+JUvDh6GQWAhFLlgua5uywY8Zg="
    },
    "@atomist/rug": {
      "version": "1.0.0-m.4",
      "resolved": "https://registry.npmjs.org/@atomist/rug/-/rug-1.0.0-m.4.tgz",
      "integrity": "sha1-E9geuzSe/rA0PUiFNqu0Q2OqsH0="
    },
    "@atomist/rugs": {
      "version": "1.0.0-m.5",
      "resolved": "https://registry.npmjs.org/@atomist/rugs/-/rugs-1.0.0-m.5.tgz",
      "integrity": "sha1-8n+YGNbA1Vbbynl8gAF6JYd3jo8="
    },
    "@atomist/slack-messages": {
      "version": "0.5.1",
      "resolved": "https://registry.npmjs.org/@atomist/slack-messages/-/slack-messages-0.5.1.tgz",
      "integrity": "sha1-uf1MfiyXa+3iRauS/4oPOQqxCEg="
    },
    "deprecated-decorator": {
      "version": "0.1.6",
      "resolved": "https://registry.npmjs.org/deprecated-decorator/-/deprecated-decorator-0.1.6.tgz",
      "integrity": "sha1-AJZjF7ehL+kvPMgx91g68ym4bDc="
    },
    "mustache": {
      "version": "2.3.0",
      "resolved": "https://registry.npmjs.org/mustache/-/mustache-2.3.0.tgz",
      "integrity": "sha1-QCj3d4sXcIpImTCm5SrDvKDaQdA="
    }
  }
}
