# THIS IS AN AUTOGENERATED FILE. DO NOT EDIT THIS FILE DIRECTLY.
# yarn lockfile v1


"@atomist/cortex@0.30.0":
  version "0.30.0"
  resolved "https://registry.yarnpkg.com/@atomist/cortex/-/cortex-0.30.0.tgz#d409ec9a050411bc82f9b3776226470f22bc6889"
  dependencies:
    "@atomist/rug" "0.25.0"

"@atomist/rug@0.25.0":
  version "0.25.0"
  resolved "https://registry.yarnpkg.com/@atomist/rug/-/rug-0.25.0.tgz#c8435bce3040a667ab49617e99ab10da18852253"

"@atomist/rug@0.25.1":
  version "0.25.1"
  resolved "https://registry.yarnpkg.com/@atomist/rug/-/rug-0.25.1.tgz#1b55d4dbf96964a866a43cf40da646ae9be4af34"

"@atomist/rugs@^0.24.1":
  version "0.24.1"
  resolved "https://registry.yarnpkg.com/@atomist/rugs/-/rugs-0.24.1.tgz#001f6e1d829713075e94366f53d90ef75e9a0c30"
  dependencies:
    "@atomist/cortex" "0.30.0"
    "@atomist/rug" "0.25.1"
    mustache "^2.3.0"

mustache@^2.3.0:
  version "2.3.0"
  resolved "https://registry.yarnpkg.com/mustache/-/mustache-2.3.0.tgz#4028f7778b17708a489930a6e52ac3bca0da41d0"
